// !$*UTF8*$!
{
	archiveVersion = 1;
	classes = {
	};
	objectVersion = 56;
	objects = {

/* Begin PBXBuildFile section */
		CD83D4872B736CD20005F19F /* MyPlayListApp.swift in Sources */ = {isa = PBXBuildFile; fileRef = CD83D4862B736CD20005F19F /* MyPlayListApp.swift */; };
		CD83D4892B736CD20005F19F /* MainListView.swift in Sources */ = {isa = PBXBuildFile; fileRef = CD83D4882B736CD20005F19F /* MainListView.swift */; };
		CD83D48B2B736CD30005F19F /* Assets.xcassets in Resources */ = {isa = PBXBuildFile; fileRef = CD83D48A2B736CD30005F19F /* Assets.xcassets */; };
		CD83D48E2B736CD30005F19F /* Preview Assets.xcassets in Resources */ = {isa = PBXBuildFile; fileRef = CD83D48D2B736CD30005F19F /* Preview Assets.xcassets */; };
		CD83D4AC2B736D4D0005F19F /* 2.png in Resources */ = {isa = PBXBuildFile; fileRef = CD83D4A42B736D4D0005F19F /* 2.png */; };
		CD83D4AD2B736D4D0005F19F /* 3.mp3 in Resources */ = {isa = PBXBuildFile; fileRef = CD83D4A52B736D4D0005F19F /* 3.mp3 */; };
		CD83D4AE2B736D4D0005F19F /* 2.mp3 in Resources */ = {isa = PBXBuildFile; fileRef = CD83D4A62B736D4D0005F19F /* 2.mp3 */; };
		CD83D4AF2B736D4D0005F19F /* 4.png in Resources */ = {isa = PBXBuildFile; fileRef = CD83D4A72B736D4D0005F19F /* 4.png */; };
		CD83D4B02B736D4D0005F19F /* 3.png in Resources */ = {isa = PBXBuildFile; fileRef = CD83D4A82B736D4D0005F19F /* 3.png */; };
		CD83D4B12B736D4D0005F19F /* 1.mp3 in Resources */ = {isa = PBXBuildFile; fileRef = CD83D4A92B736D4D0005F19F /* 1.mp3 */; };
		CD83D4B22B736D4D0005F19F /* 1.png in Resources */ = {isa = PBXBuildFile; fileRef = CD83D4AA2B736D4D0005F19F /* 1.png */; };
		CD83D4B32B736D4D0005F19F /* 4.mp3 in Resources */ = {isa = PBXBuildFile; fileRef = CD83D4AB2B736D4D0005F19F /* 4.mp3 */; };
		CD83D4B52B736D750005F19F /* SongInformation.swift in Sources */ = {isa = PBXBuildFile; fileRef = CD83D4B42B736D750005F19F /* SongInformation.swift */; };
		CD83D4B72B736DBA0005F19F /* SongView.swift in Sources */ = {isa = PBXBuildFile; fileRef = CD83D4B62B736DBA0005F19F /* SongView.swift */; };
/* End PBXBuildFile section */

/* Begin PBXFileReference section */
		CD83D4832B736CD20005F19F /* MyPlayList.app */ = {isa = PBXFileReference; explicitFileType = wrapper.application; includeInIndex = 0; path = MyPlayList.app; sourceTree = BUILT_PRODUCTS_DIR; };
		CD83D4862B736CD20005F19F /* MyPlayListApp.swift */ = {isa = PBXFileReference; lastKnownFileType = sourcecode.swift; path = MyPlayListApp.swift; sourceTree = "<group>"; };
		CD83D4882B736CD20005F19F /* MainListView.swift */ = {isa = PBXFileReference; lastKnownFileType = sourcecode.swift; path = MainListView.swift; sourceTree = "<group>"; };
		CD83D48A2B736CD30005F19F /* Assets.xcassets */ = {isa = PBXFileReference; lastKnownFileType = folder.assetcatalog; path = Assets.xcassets; sourceTree = "<group>"; };
		CD83D48D2B736CD30005F19F /* Preview Assets.xcassets */ = {isa = PBXFileReference; lastKnownFileType = folder.assetcatalog; path = "Preview Assets.xcassets"; sourceTree = "<group>"; };
		CD83D4A42B736D4D0005F19F /* 2.png */ = {isa = PBXFileReference; lastKnownFileType = image.png; path = 2.png; sourceTree = "<group>"; };
		CD83D4A52B736D4D0005F19F /* 3.mp3 */ = {isa = PBXFileReference; lastKnownFileType = audio.mp3; path = 3.mp3; sourceTree = "<group>"; };
		CD83D4A62B736D4D0005F19F /* 2.mp3 */ = {isa = PBXFileReference; lastKnownFileType = audio.mp3; path = 2.mp3; sourceTree = "<group>"; };
		CD83D4A72B736D4D0005F19F /* 4.png */ = {isa = PBXFileReference; lastKnownFileType = image.png; path = 4.png; sourceTree = "<group>"; };
		CD83D4A82B736D4D0005F19F /* 3.png */ = {isa = PBXFileReference; lastKnownFileType = image.png; path = 3.png; sourceTree = "<group>"; };
		CD83D4A92B736D4D0005F19F /* 1.mp3 */ = {isa = PBXFileReference; lastKnownFileType = audio.mp3; path = 1.mp3; sourceTree = "<group>"; };
		CD83D4AA2B736D4D0005F19F /* 1.png */ = {isa = PBXFileReference; lastKnownFileType = image.png; path = 1.png; sourceTree = "<group>"; };
		CD83D4AB2B736D4D0005F19F /* 4.mp3 */ = {isa = PBXFileReference; lastKnownFileType = audio.mp3; path = 4.mp3; sourceTree = "<group>"; };
		CD83D4B42B736D750005F19F /* SongInformation.swift */ = {isa = PBXFileReference; lastKnownFileType = sourcecode.swift; path = SongInformation.swift; sourceTree = "<group>"; };
		CD83D4B62B736DBA0005F19F /* SongView.swift */ = {isa = PBXFileReference; lastKnownFileType = sourcecode.swift; path = SongView.swift; sourceTree = "<group>"; };
/* End PBXFileReference section */

/* Begin PBXFrameworksBuildPhase section */
		CD83D4802B736CD20005F19F /* Frameworks */ = {
			isa = PBXFrameworksBuildPhase;
			buildActionMask = 2147483647;
			files = (
			);
			runOnlyForDeploymentPostprocessing = 0;
		};
/* End PBXFrameworksBuildPhase section */

/* Begin PBXGroup section */
		CD83D47A2B736CD20005F19F = {
			isa = PBXGroup;
			children = (
				CD83D4852B736CD20005F19F /* MyPlayList */,
				CD83D4842B736CD20005F19F /* Products */,
			);
			sourceTree = "<group>";
		};
		CD83D4842B736CD20005F19F /* Products */ = {
			isa = PBXGroup;
			children = (
				CD83D4832B736CD20005F19F /* MyPlayList.app */,
			);
			name = Products;
			sourceTree = "<group>";
		};
		CD83D4852B736CD20005F19F /* MyPlayList */ = {
			isa = PBXGroup;
			children = (
				CD83D4A92B736D4D0005F19F /* 1.mp3 */,
				CD83D4AA2B736D4D0005F19F /* 1.png */,
				CD83D4A62B736D4D0005F19F /* 2.mp3 */,
				CD83D4A42B736D4D0005F19F /* 2.png */,
				CD83D4A52B736D4D0005F19F /* 3.mp3 */,
				CD83D4A82B736D4D0005F19F /* 3.png */,
				CD83D4AB2B736D4D0005F19F /* 4.mp3 */,
				CD83D4A72B736D4D0005F19F /* 4.png */,
				CD83D4862B736CD20005F19F /* MyPlayListApp.swift */,
				CD83D4882B736CD20005F19F /* MainListView.swift */,
				CD83D4B42B736D750005F19F /* SongInformation.swift */,
				CD83D4B62B736DBA0005F19F /* SongView.swift */,
				CD83D48A2B736CD30005F19F /* Assets.xcassets */,
				CD83D48C2B736CD30005F19F /* Preview Content */,
			);
			path = MyPlayList;
			sourceTree = "<group>";
		};
		CD83D48C2B736CD30005F19F /* Preview Content */ = {
			isa = PBXGroup;
			children = (
				CD83D48D2B736CD30005F19F /* Preview Assets.xcassets */,
			);
			path = "Preview Content";
			sourceTree = "<group>";
		};
/* End PBXGroup section */

/* Begin PBXNativeTarget section */
		CD83D4822B736CD20005F19F /* MyPlayList */ = {
			isa = PBXNativeTarget;
			buildConfigurationList = CD83D4912B736CD30005F19F /* Build configuration list for PBXNativeTarget "MyPlayList" */;
			buildPhases = (
				CD83D47F2B736CD20005F19F /* Sources */,
				CD83D4802B736CD20005F19F /* Frameworks */,
				CD83D4812B736CD20005F19F /* Resources */,
			);
			buildRules = (
			);
			dependencies = (
			);
			name = MyPlayList;
			productName = MyPlayList;
			productReference = CD83D4832B736CD20005F19F /* MyPlayList.app */;
			productType = "com.apple.product-type.application";
		};
/* End PBXNativeTarget section */

/* Begin PBXProject section */
		CD83D47B2B736CD20005F19F /* Project object */ = {
			isa = PBXProject;
			attributes = {
				BuildIndependentTargetsInParallel = 1;
				LastSwiftUpdateCheck = 1520;
				LastUpgradeCheck = 1520;
				TargetAttributes = {
					CD83D4822B736CD20005F19F = {
						CreatedOnToolsVersion = 15.2;
					};
				};
			};
			buildConfigurationList = CD83D47E2B736CD20005F19F /* Build configuration list for PBXProject "MyPlayList" */;
			compatibilityVersion = "Xcode 14.0";
			developmentRegion = en;
			hasScannedForEncodings = 0;
			knownRegions = (
				en,
				Base,
			);
			mainGroup = CD83D47A2B736CD20005F19F;
			productRefGroup = CD83D4842B736CD20005F19F /* Products */;
			projectDirPath = "";
			projectRoot = "";
			targets = (
				CD83D4822B736CD20005F19F /* MyPlayList */,
			);
		};
/* End PBXProject section */

/* Begin PBXResourcesBuildPhase section */
		CD83D4812B736CD20005F19F /* Resources */ = {
			isa = PBXResourcesBuildPhase;
			buildActionMask = 2147483647;
			files = (
				CD83D4B22B736D4D0005F19F /* 1.png in Resources */,
				CD83D4AF2B736D4D0005F19F /* 4.png in Resources */,
				CD83D4AC2B736D4D0005F19F /* 2.png in Resources */,
				CD83D4B32B736D4D0005F19F /* 4.mp3 in Resources */,
				CD83D48E2B736CD30005F19F /* Preview Assets.xcassets in Resources */,
				CD83D4AE2B736D4D0005F19F /* 2.mp3 in Resources */,
				CD83D4B12B736D4D0005F19F /* 1.mp3 in Resources */,
				CD83D4AD2B736D4D0005F19F /* 3.mp3 in Resources */,
				CD83D4B02B736D4D0005F19F /* 3.png in Resources */,
				CD83D48B2B736CD30005F19F /* Assets.xcassets in Resources */,
			);
			runOnlyForDeploymentPostprocessing = 0;
		};
/* End PBXResourcesBuildPhase section */

/* Begin PBXSourcesBuildPhase section */
		CD83D47F2B736CD20005F19F /* Sources */ = {
			isa = PBXSourcesBuildPhase;
			buildActionMask = 2147483647;
			files = (
				CD83D4B52B736D750005F19F /* SongInformation.swift in Sources */,
				CD83D4892B736CD20005F19F /* MainListView.swift in Sources */,
				CD83D4872B736CD20005F19F /* MyPlayListApp.swift in Sources */,
				CD83D4B72B736DBA0005F19F /* SongView.swift in Sources */,
			);
			runOnlyForDeploymentPostprocessing = 0;
		};
/* End PBXSourcesBuildPhase section */

/* Begin XCBuildConfiguration section */
		CD83D48F2B736CD30005F19F /* Debug */ = {
			isa = XCBuildConfiguration;
			buildSettings = {
				ALWAYS_SEARCH_USER_PATHS = NO;
				ASSETCATALOG_COMPILER_GENERATE_SWIFT_ASSET_SYMBOL_EXTENSIONS = YES;
				CLANG_ANALYZER_NONNULL = YES;
				CLANG_ANALYZER_NUMBER_OBJECT_CONVERSION = YES_AGGRESSIVE;
				CLANG_CXX_LANGUAGE_STANDARD = "gnu++20";
				CLANG_ENABLE_MODULES = YES;
				CLANG_ENABLE_OBJC_ARC = YES;
				CLANG_ENABLE_OBJC_WEAK = YES;
				CLANG_WARN_BLOCK_CAPTURE_AUTORELEASING = YES;
				CLANG_WARN_BOOL_CONVERSION = YES;
				CLANG_WARN_COMMA = YES;
				CLANG_WARN_CONSTANT_CONVERSION = YES;
				CLANG_WARN_DEPRECATED_OBJC_IMPLEMENTATIONS = YES;
				CLANG_WARN_DIRECT_OBJC_ISA_USAGE = YES_ERROR;
				CLANG_WARN_DOCUMENTATION_COMMENTS = YES;
				CLANG_WARN_EMPTY_BODY = YES;
				CLANG_WARN_ENUM_CONVERSION = YES;
				CLANG_WARN_INFINITE_RECURSION = YES;
				CLANG_WARN_INT_CONVERSION = YES;
				CLANG_WARN_NON_LITERAL_NULL_CONVERSION = YES;
				CLANG_WARN_OBJC_IMPLICIT_RETAIN_SELF = YES;
				CLANG_WARN_OBJC_LITERAL_CONVERSION = YES;
				CLANG_WARN_OBJC_ROOT_CLASS = YES_ERROR;
				CLANG_WARN_QUOTED_INCLUDE_IN_FRAMEWORK_HEADER = YES;
				CLANG_WARN_RANGE_LOOP_ANALYSIS = YES;
				CLANG_WARN_STRICT_PROTOTYPES = YES;
				CLANG_WARN_SUSPICIOUS_MOVE = YES;
				CLANG_WARN_UNGUARDED_AVAILABILITY = YES_AGGRESSIVE;
				CLANG_WARN_UNREACHABLE_CODE = YES;
				CLANG_WARN__DUPLICATE_METHOD_MATCH = YES;
				COPY_PHASE_STRIP = NO;
				DEBUG_INFORMATION_FORMAT = dwarf;
				ENABLE_STRICT_OBJC_MSGSEND = YES;
				ENABLE_TESTABILITY = YES;
				ENABLE_USER_SCRIPT_SANDBOXING = YES;
				GCC_C_LANGUAGE_STANDARD = gnu17;
				GCC_DYNAMIC_NO_PIC = NO;
				GCC_NO_COMMON_BLOCKS = YES;
				GCC_OPTIMIZATION_LEVEL = 0;
				GCC_PREPROCESSOR_DEFINITIONS = (
					"DEBUG=1",
					"$(inherited)",
				);
				GCC_WARN_64_TO_32_BIT_CONVERSION = YES;
				GCC_WARN_ABOUT_RETURN_TYPE = YES_ERROR;
				GCC_WARN_UNDECLARED_SELECTOR = YES;
				GCC_WARN_UNINITIALIZED_AUTOS = YES_AGGRESSIVE;
				GCC_WARN_UNUSED_FUNCTION = YES;
				GCC_WARN_UNUSED_VARIABLE = YES;
				IPHONEOS_DEPLOYMENT_TARGET = 17.2;
				LOCALIZATION_PREFERS_STRING_CATALOGS = YES;
				MTL_ENABLE_DEBUG_INFO = INCLUDE_SOURCE;
				MTL_FAST_MATH = YES;
				ONLY_ACTIVE_ARCH = YES;
				SDKROOT = iphoneos;
				SWIFT_ACTIVE_COMPILATION_CONDITIONS = "DEBUG $(inherited)";
				SWIFT_OPTIMIZATION_LEVEL = "-Onone";
			};
			name = Debug;
		};
		CD83D4902B736CD30005F19F /* Release */ = {
			isa = XCBuildConfiguration;
			buildSettings = {
				ALWAYS_SEARCH_USER_PATHS = NO;
				ASSETCATALOG_COMPILER_GENERATE_SWIFT_ASSET_SYMBOL_EXTENSIONS = YES;
				CLANG_ANALYZER_NONNULL = YES;
				CLANG_ANALYZER_NUMBER_OBJECT_CONVERSION = YES_AGGRESSIVE;
				CLANG_CXX_LANGUAGE_STANDARD = "gnu++20";
				CLANG_ENABLE_MODULES = YES;
				CLANG_ENABLE_OBJC_ARC = YES;
				CLANG_ENABLE_OBJC_WEAK = YES;
				CLANG_WARN_BLOCK_CAPTURE_AUTORELEASING = YES;
				CLANG_WARN_BOOL_CONVERSION = YES;
				CLANG_WARN_COMMA = YES;
				CLANG_WARN_CONSTANT_CONVERSION = YES;
				CLANG_WARN_DEPRECATED_OBJC_IMPLEMENTATIONS = YES;
				CLANG_WARN_DIRECT_OBJC_ISA_USAGE = YES_ERROR;
				CLANG_WARN_DOCUMENTATION_COMMENTS = YES;
				CLANG_WARN_EMPTY_BODY = YES;
				CLANG_WARN_ENUM_CONVERSION = YES;
				CLANG_WARN_INFINITE_RECURSION = YES;
				CLANG_WARN_INT_CONVERSION = YES;
				CLANG_WARN_NON_LITERAL_NULL_CONVERSION = YES;
				CLANG_WARN_OBJC_IMPLICIT_RETAIN_SELF = YES;
				CLANG_WARN_OBJC_LITERAL_CONVERSION = YES;
				CLANG_WARN_OBJC_ROOT_CLASS = YES_ERROR;
				CLANG_WARN_QUOTED_INCLUDE_IN_FRAMEWORK_HEADER = YES;
				CLANG_WARN_RANGE_LOOP_ANALYSIS = YES;
				CLANG_WARN_STRICT_PROTOTYPES = YES;
				CLANG_WARN_SUSPICIOUS_MOVE = YES;
				CLANG_WARN_UNGUARDED_AVAILABILITY = YES_AGGRESSIVE;
				CLANG_WARN_UNREACHABLE_CODE = YES;
				CLANG_WARN__DUPLICATE_METHOD_MATCH = YES;
				COPY_PHASE_STRIP = NO;
				DEBUG_INFORMATION_FORMAT = "dwarf-with-dsym";
				ENABLE_NS_ASSERTIONS = NO;
				ENABLE_STRICT_OBJC_MSGSEND = YES;
				ENABLE_USER_SCRIPT_SANDBOXING = YES;
				GCC_C_LANGUAGE_STANDARD = gnu17;
				GCC_NO_COMMON_BLOCKS = YES;
				GCC_WARN_64_TO_32_BIT_CONVERSION = YES;
				GCC_WARN_ABOUT_RETURN_TYPE = YES_ERROR;
				GCC_WARN_UNDECLARED_SELECTOR = YES;
				GCC_WARN_UNINITIALIZED_AUTOS = YES_AGGRESSIVE;
				GCC_WARN_UNUSED_FUNCTION = YES;
				GCC_WARN_UNUSED_VARIABLE = YES;
				IPHONEOS_DEPLOYMENT_TARGET = 17.2;
				LOCALIZATION_PREFERS_STRING_CATALOGS = YES;
				MTL_ENABLE_DEBUG_INFO = NO;
				MTL_FAST_MATH = YES;
				SDKROOT = iphoneos;
				SWIFT_COMPILATION_MODE = wholemodule;
				VALIDATE_PRODUCT = YES;
			};
			name = Release;
		};
		CD83D4922B736CD30005F19F /* Debug */ = {
			isa = XCBuildConfiguration;
			buildSettings = {
				ASSETCATALOG_COMPILER_APPICON_NAME = AppIcon;
				ASSETCATALOG_COMPILER_GLOBAL_ACCENT_COLOR_NAME = AccentColor;
				CODE_SIGN_STYLE = Automatic;
				CURRENT_PROJECT_VERSION = 1;
				DEVELOPMENT_ASSET_PATHS = "\"MyPlayList/Preview Content\"";
				DEVELOPMENT_TEAM = Y6YHXN8B7Z;
				ENABLE_PREVIEWS = YES;
				GENERATE_INFOPLIST_FILE = YES;
				INFOPLIST_KEY_UIApplicationSceneManifest_Generation = YES;
				INFOPLIST_KEY_UIApplicationSupportsIndirectInputEvents = YES;
				INFOPLIST_KEY_UILaunchScreen_Generation = YES;
				INFOPLIST_KEY_UISupportedInterfaceOrientations_iPad = "UIInterfaceOrientationPortrait UIInterfaceOrientationPortraitUpsideDown UIInterfaceOrientationLandscapeLeft UIInterfaceOrientationLandscapeRight";
				INFOPLIST_KEY_UISupportedInterfaceOrientations_iPhone = "UIInterfaceOrientationPortrait UIInterfaceOrientationLandscapeLeft UIInterfaceOrientationLandscapeRight";
				LD_RUNPATH_SEARCH_PATHS = (
					"$(inherited)",
					"@executable_path/Frameworks",
				);
				MARKETING_VERSION = 1.0;
				PRODUCT_BUNDLE_IDENTIFIER = Shiberger.MyPlayList;
				PRODUCT_NAME = "$(TARGET_NAME)";
				SWIFT_EMIT_LOC_STRINGS = YES;
				SWIFT_VERSION = 5.0;
				TARGETED_DEVICE_FAMILY = "1,2";
			};
			name = Debug;
		};
		CD83D4932B736CD30005F19F /* Release */ = {
			isa = XCBuildConfiguration;
			buildSettings = {
				ASSETCATALOG_COMPILER_APPICON_NAME = AppIcon;
				ASSETCATALOG_COMPILER_GLOBAL_ACCENT_COLOR_NAME = AccentColor;
				CODE_SIGN_STYLE = Automatic;
				CURRENT_PROJECT_VERSION = 1;
				DEVELOPMENT_ASSET_PATHS = "\"MyPlayList/Preview Content\"";
				DEVELOPMENT_TEAM = Y6YHXN8B7Z;
				ENABLE_PREVIEWS = YES;
				GENERATE_INFOPLIST_FILE = YES;
				INFOPLIST_KEY_UIApplicationSceneManifest_Generation = YES;
				INFOPLIST_KEY_UIApplicationSupportsIndirectInputEvents = YES;
				INFOPLIST_KEY_UILaunchScreen_Generation = YES;
				INFOPLIST_KEY_UISupportedInterfaceOrientations_iPad = "UIInterfaceOrientationPortrait UIInterfaceOrientationPortraitUpsideDown UIInterfaceOrientationLandscapeLeft UIInterfaceOrientationLandscapeRight";
				INFOPLIST_KEY_UISupportedInterfaceOrientations_iPhone = "UIInterfaceOrientationPortrait UIInterfaceOrientationLandscapeLeft UIInterfaceOrientationLandscapeRight";
				LD_RUNPATH_SEARCH_PATHS = (
					"$(inherited)",
					"@executable_path/Frameworks",
				);
				MARKETING_VERSION = 1.0;
				PRODUCT_BUNDLE_IDENTIFIER = Shiberger.MyPlayList;
				PRODUCT_NAME = "$(TARGET_NAME)";
				SWIFT_EMIT_LOC_STRINGS = YES;
				SWIFT_VERSION = 5.0;
				TARGETED_DEVICE_FAMILY = "1,2";
			};
			name = Release;
		};
/* End XCBuildConfiguration section */

/* Begin XCConfigurationList section */
		CD83D47E2B736CD20005F19F /* Build configuration list for PBXProject "MyPlayList" */ = {
			isa = XCConfigurationList;
			buildConfigurations = (
				CD83D48F2B736CD30005F19F /* Debug */,
				CD83D4902B736CD30005F19F /* Release */,
			);
			defaultConfigurationIsVisible = 0;
			defaultConfigurationName = Release;
		};
		CD83D4912B736CD30005F19F /* Build configuration list for PBXNativeTarget "MyPlayList" */ = {
			isa = XCConfigurationList;
			buildConfigurations = (
				CD83D4922B736CD30005F19F /* Debug */,
				CD83D4932B736CD30005F19F /* Release */,
			);
			defaultConfigurationIsVisible = 0;
			defaultConfigurationName = Release;
		};
/* End XCConfigurationList section */
	};
	rootObject = CD83D47B2B736CD20005F19F /* Project object */;
}
